
Microsoft Visual Studio Solution File, Format Version 12.00
# Visual Studio Version 16
VisualStudioVersion = 16.0.29409.12
MinimumVisualStudioVersion = 10.0.40219.1
Project("{FAE04EC0-301F-11D3-BF4B-00C04F79EFBC}") = "OAuthUsingOpenIDDApplication", "OAuthUsingOpenIDDApplication.csproj", "{CE46F97C-24D9-44E0-B066-2E8E4E1CC1AB}"
EndProject
Global
	GlobalSection(SolutionConfigurationPlatforms) = preSolution
		Debug|Any CPU = Debug|Any CPU
		Release|Any CPU = Release|Any CPU
	EndGlobalSection
	GlobalSection(ProjectConfigurationPlatforms) = postSolution
		{CE46F97C-24D9-44E0-B066-2E8E4E1CC1AB}.Debug|Any CPU.ActiveCfg = Debug|Any CPU
		{CE46F97C-24D9-44E0-B066-2E8E4E1CC1AB}.Debug|Any CPU.Build.0 = Debug|Any CPU
		{CE46F97C-24D9-44E0-B066-2E8E4E1CC1AB}.Release|Any CPU.ActiveCfg = Release|Any CPU
		{CE46F97C-24D9-44E0-B066-2E8E4E1CC1AB}.Release|Any CPU.Build.0 = Release|Any CPU
	EndGlobalSection
	GlobalSection(SolutionProperties) = preSolution
		HideSolutionNode = FALSE
	EndGlobalSection
	GlobalSection(ExtensibilityGlobals) = postSolution
		SolutionGuid = {54A46CAF-23E4-4FCD-AE45-34A0FA33D3D0}
	EndGlobalSection
EndGlobal
